
Microsoft Visual Studio Solution File, Format Version 12.00
# Visual Studio Version 17
VisualStudioVersion = 17.9.34607.119
MinimumVisualStudioVersion = 10.0.40219.1
Project("{8BC9CEB8-8B4A-11D0-8D11-00A0C91BC942}") = "Face Detection System", "Face Detection System.vcxproj", "{13EAEEBD-A430-4F8C-A2C6-5564DC66765D}"
EndProject
Global
	GlobalSection(SolutionConfigurationPlatforms) = preSolution
		Debug|x64 = Debug|x64
		Debug|x86 = Debug|x86
		Release|x64 = Release|x64
		Release|x86 = Release|x86
	EndGlobalSection
	GlobalSection(ProjectConfigurationPlatforms) = postSolution
		{13EAEEBD-A430-4F8C-A2C6-5564DC66765D}.Debug|x64.ActiveCfg = Debug|x64
		{13EAEEBD-A430-4F8C-A2C6-5564DC66765D}.Debug|x64.Build.0 = Debug|x64
		{13EAEEBD-A430-4F8C-A2C6-5564DC66765D}.Debug|x86.ActiveCfg = Debug|Win32
		{13EAEEBD-A430-4F8C-A2C6-5564DC66765D}.Debug|x86.Build.0 = Debug|Win32
		{13EAEEBD-A430-4F8C-A2C6-5564DC66765D}.Release|x64.ActiveCfg = Release|x64
		{13EAEEBD-A430-4F8C-A2C6-5564DC66765D}.Release|x64.Build.0 = Release|x64
		{13EAEEBD-A430-4F8C-A2C6-5564DC66765D}.Release|x86.ActiveCfg = Release|Win32
		{13EAEEBD-A430-4F8C-A2C6-5564DC66765D}.Release|x86.Build.0 = Release|Win32
	EndGlobalSection
	GlobalSection(SolutionProperties) = preSolution
		HideSolutionNode = FALSE
	EndGlobalSection
	GlobalSection(ExtensibilityGlobals) = postSolution
		SolutionGuid = {F7B243FF-B95E-45CA-8124-FAC69A0CAD19}
	EndGlobalSection
EndGlobal
